// !$*UTF8*$!
{
	archiveVersion = 1;
	classes = {
	};
	objectVersion = 51;
	objects = {

/* Begin PBXBuildFile section */
		53C7A93726AE79A6006A2D28 /* HomeViewController.swift in Sources */ = {isa = PBXBuildFile; fileRef = 53C7A93626AE79A6006A2D28 /* HomeViewController.swift */; };
		53C7A93926AE79C0006A2D28 /* ExploreViewController.swift in Sources */ = {isa = PBXBuildFile; fileRef = 53C7A93826AE79C0006A2D28 /* ExploreViewController.swift */; };
		53C7A93B26AE79D6006A2D28 /* CameraViewController.swift in Sources */ = {isa = PBXBuildFile; fileRef = 53C7A93A26AE79D6006A2D28 /* CameraViewController.swift */; };
		53C7A93D26AE79ED006A2D28 /* NotificationViewController.swift in Sources */ = {isa = PBXBuildFile; fileRef = 53C7A93C26AE79ED006A2D28 /* NotificationViewController.swift */; };
		53C7A93F26AE7A05006A2D28 /* ProfileViewController.swift in Sources */ = {isa = PBXBuildFile; fileRef = 53C7A93E26AE7A05006A2D28 /* ProfileViewController.swift */; };
		53C7A94426AE7A79006A2D28 /* PostViewController.swift in Sources */ = {isa = PBXBuildFile; fileRef = 53C7A94326AE7A79006A2D28 /* PostViewController.swift */; };
		53C7A94626AE7AA2006A2D28 /* EditProfileViewController.swift in Sources */ = {isa = PBXBuildFile; fileRef = 53C7A94526AE7AA2006A2D28 /* EditProfileViewController.swift */; };
		53C7A94826AE7AC6006A2D28 /* SettingsViewController.swift in Sources */ = {isa = PBXBuildFile; fileRef = 53C7A94726AE7AC6006A2D28 /* SettingsViewController.swift */; };
		53C7A94A26AE7AEE006A2D28 /* ListViewController.swift in Sources */ = {isa = PBXBuildFile; fileRef = 53C7A94926AE7AEE006A2D28 /* ListViewController.swift */; };
		53C7A94C26AE7B0E006A2D28 /* SearchViewController.swift in Sources */ = {isa = PBXBuildFile; fileRef = 53C7A94B26AE7B0E006A2D28 /* SearchViewController.swift */; };
		53C7A94E26AE7B30006A2D28 /* SearchResultViewController.swift in Sources */ = {isa = PBXBuildFile; fileRef = 53C7A94D26AE7B30006A2D28 /* SearchResultViewController.swift */; };
		53C7A95026AE7B5A006A2D28 /* PostEditorViewController.swift in Sources */ = {isa = PBXBuildFile; fileRef = 53C7A94F26AE7B5A006A2D28 /* PostEditorViewController.swift */; };
		53C7A95226AE7B8C006A2D28 /* PublishViewController.swift in Sources */ = {isa = PBXBuildFile; fileRef = 53C7A95126AE7B8C006A2D28 /* PublishViewController.swift */; };
		53C7A95526AE87A8006A2D28 /* SignInViewController.swift in Sources */ = {isa = PBXBuildFile; fileRef = 53C7A95426AE87A8006A2D28 /* SignInViewController.swift */; };
		53C7A95726AE87C4006A2D28 /* SignUpViewController.swift in Sources */ = {isa = PBXBuildFile; fileRef = 53C7A95626AE87C4006A2D28 /* SignUpViewController.swift */; };
		53C7A95926AE8855006A2D28 /* OnboardingViewController.swift in Sources */ = {isa = PBXBuildFile; fileRef = 53C7A95826AE8855006A2D28 /* OnboardingViewController.swift */; };
		53C7A95B26AE9D3A006A2D28 /* GoogleService-Info.plist in Resources */ = {isa = PBXBuildFile; fileRef = 53C7A95A26AE9D3A006A2D28 /* GoogleService-Info.plist */; };
		53C7A95E26AEA5FE006A2D28 /* DatabaseManager.swift in Sources */ = {isa = PBXBuildFile; fileRef = 53C7A95D26AEA5FE006A2D28 /* DatabaseManager.swift */; };
		53C7A96026AEA7FA006A2D28 /* AuthManager.swift in Sources */ = {isa = PBXBuildFile; fileRef = 53C7A95F26AEA7FA006A2D28 /* AuthManager.swift */; };
		53C7A96226AEA8C4006A2D28 /* StorageManager.swift in Sources */ = {isa = PBXBuildFile; fileRef = 53C7A96126AEA8C4006A2D28 /* StorageManager.swift */; };
		53C7A96426AEB35A006A2D28 /* Extentions.swift in Sources */ = {isa = PBXBuildFile; fileRef = 53C7A96326AEB35A006A2D28 /* Extentions.swift */; };
		53DF9C9126ADBD26005E5E80 /* AppDelegate.swift in Sources */ = {isa = PBXBuildFile; fileRef = 53DF9C9026ADBD26005E5E80 /* AppDelegate.swift */; };
		53DF9C9326ADBD26005E5E80 /* SceneDelegate.swift in Sources */ = {isa = PBXBuildFile; fileRef = 53DF9C9226ADBD26005E5E80 /* SceneDelegate.swift */; };
		53DF9C9526ADBD26005E5E80 /* ContentView.swift in Sources */ = {isa = PBXBuildFile; fileRef = 53DF9C9426ADBD26005E5E80 /* ContentView.swift */; };
		53DF9C9726ADBD2C005E5E80 /* Assets.xcassets in Resources */ = {isa = PBXBuildFile; fileRef = 53DF9C9626ADBD2C005E5E80 /* Assets.xcassets */; };
		53DF9C9A26ADBD2C005E5E80 /* Preview Assets.xcassets in Resources */ = {isa = PBXBuildFile; fileRef = 53DF9C9926ADBD2C005E5E80 /* Preview Assets.xcassets */; };
		53DF9C9D26ADBD2C005E5E80 /* LaunchScreen.storyboard in Resources */ = {isa = PBXBuildFile; fileRef = 53DF9C9B26ADBD2C005E5E80 /* LaunchScreen.storyboard */; };
		53DF9CA526ADF176005E5E80 /* Main.storyboard in Resources */ = {isa = PBXBuildFile; fileRef = 53DF9CA426ADF176005E5E80 /* Main.storyboard */; };
		83D2B8EAAAB6ABE3DD867D6B /* Pods_StructureApp.framework in Frameworks */ = {isa = PBXBuildFile; fileRef = 7F0882E1BA4E9BAB654EBA18 /* Pods_StructureApp.framework */; };
/* End PBXBuildFile section */

/* Begin PBXFileReference section */
		53C7A93626AE79A6006A2D28 /* HomeViewController.swift */ = {isa = PBXFileReference; lastKnownFileType = sourcecode.swift; path = HomeViewController.swift; sourceTree = "<group>"; };
		53C7A93826AE79C0006A2D28 /* ExploreViewController.swift */ = {isa = PBXFileReference; lastKnownFileType = sourcecode.swift; path = ExploreViewController.swift; sourceTree = "<group>"; };
		53C7A93A26AE79D6006A2D28 /* CameraViewController.swift */ = {isa = PBXFileReference; lastKnownFileType = sourcecode.swift; path = CameraViewController.swift; sourceTree = "<group>"; };
		53C7A93C26AE79ED006A2D28 /* NotificationViewController.swift */ = {isa = PBXFileReference; lastKnownFileType = sourcecode.swift; path = NotificationViewController.swift; sourceTree = "<group>"; };
		53C7A93E26AE7A05006A2D28 /* ProfileViewController.swift */ = {isa = PBXFileReference; lastKnownFileType = sourcecode.swift; path = ProfileViewController.swift; sourceTree = "<group>"; };
		53C7A94326AE7A79006A2D28 /* PostViewController.swift */ = {isa = PBXFileReference; lastKnownFileType = sourcecode.swift; path = PostViewController.swift; sourceTree = "<group>"; };
		53C7A94526AE7AA2006A2D28 /* EditProfileViewController.swift */ = {isa = PBXFileReference; lastKnownFileType = sourcecode.swift; path = EditProfileViewController.swift; sourceTree = "<group>"; };
		53C7A94726AE7AC6006A2D28 /* SettingsViewController.swift */ = {isa = PBXFileReference; lastKnownFileType = sourcecode.swift; path = SettingsViewController.swift; sourceTree = "<group>"; };
		53C7A94926AE7AEE006A2D28 /* ListViewController.swift */ = {isa = PBXFileReference; lastKnownFileType = sourcecode.swift; path = ListViewController.swift; sourceTree = "<group>"; };
		53C7A94B26AE7B0E006A2D28 /* SearchViewController.swift */ = {isa = PBXFileReference; lastKnownFileType = sourcecode.swift; path = SearchViewController.swift; sourceTree = "<group>"; };
		53C7A94D26AE7B30006A2D28 /* SearchResultViewController.swift */ = {isa = PBXFileReference; lastKnownFileType = sourcecode.swift; path = SearchResultViewController.swift; sourceTree = "<group>"; };
		53C7A94F26AE7B5A006A2D28 /* PostEditorViewController.swift */ = {isa = PBXFileReference; lastKnownFileType = sourcecode.swift; path = PostEditorViewController.swift; sourceTree = "<group>"; };
		53C7A95126AE7B8C006A2D28 /* PublishViewController.swift */ = {isa = PBXFileReference; lastKnownFileType = sourcecode.swift; path = PublishViewController.swift; sourceTree = "<group>"; };
		53C7A95426AE87A8006A2D28 /* SignInViewController.swift */ = {isa = PBXFileReference; lastKnownFileType = sourcecode.swift; path = SignInViewController.swift; sourceTree = "<group>"; };
		53C7A95626AE87C4006A2D28 /* SignUpViewController.swift */ = {isa = PBXFileReference; lastKnownFileType = sourcecode.swift; path = SignUpViewController.swift; sourceTree = "<group>"; };
		53C7A95826AE8855006A2D28 /* OnboardingViewController.swift */ = {isa = PBXFileReference; lastKnownFileType = sourcecode.swift; path = OnboardingViewController.swift; sourceTree = "<group>"; };
		53C7A95A26AE9D3A006A2D28 /* GoogleService-Info.plist */ = {isa = PBXFileReference; fileEncoding = 4; lastKnownFileType = text.plist.xml; path = "GoogleService-Info.plist"; sourceTree = "<group>"; };
		53C7A95D26AEA5FE006A2D28 /* DatabaseManager.swift */ = {isa = PBXFileReference; lastKnownFileType = sourcecode.swift; path = DatabaseManager.swift; sourceTree = "<group>"; };
		53C7A95F26AEA7FA006A2D28 /* AuthManager.swift */ = {isa = PBXFileReference; lastKnownFileType = sourcecode.swift; path = AuthManager.swift; sourceTree = "<group>"; };
		53C7A96126AEA8C4006A2D28 /* StorageManager.swift */ = {isa = PBXFileReference; lastKnownFileType = sourcecode.swift; path = StorageManager.swift; sourceTree = "<group>"; };
		53C7A96326AEB35A006A2D28 /* Extentions.swift */ = {isa = PBXFileReference; lastKnownFileType = sourcecode.swift; path = Extentions.swift; sourceTree = "<group>"; };
		53DF9C8D26ADBD26005E5E80 /* StructureApp.app */ = {isa = PBXFileReference; explicitFileType = wrapper.application; includeInIndex = 0; path = StructureApp.app; sourceTree = BUILT_PRODUCTS_DIR; };
		53DF9C9026ADBD26005E5E80 /* AppDelegate.swift */ = {isa = PBXFileReference; lastKnownFileType = sourcecode.swift; path = AppDelegate.swift; sourceTree = "<group>"; };
		53DF9C9226ADBD26005E5E80 /* SceneDelegate.swift */ = {isa = PBXFileReference; lastKnownFileType = sourcecode.swift; path = SceneDelegate.swift; sourceTree = "<group>"; };
		53DF9C9426ADBD26005E5E80 /* ContentView.swift */ = {isa = PBXFileReference; lastKnownFileType = sourcecode.swift; path = ContentView.swift; sourceTree = "<group>"; };
		53DF9C9626ADBD2C005E5E80 /* Assets.xcassets */ = {isa = PBXFileReference; lastKnownFileType = folder.assetcatalog; path = Assets.xcassets; sourceTree = "<group>"; };
		53DF9C9926ADBD2C005E5E80 /* Preview Assets.xcassets */ = {isa = PBXFileReference; lastKnownFileType = folder.assetcatalog; path = "Preview Assets.xcassets"; sourceTree = "<group>"; };
		53DF9C9C26ADBD2C005E5E80 /* Base */ = {isa = PBXFileReference; lastKnownFileType = file.storyboard; name = Base; path = Base.lproj/LaunchScreen.storyboard; sourceTree = "<group>"; };
		53DF9C9E26ADBD2C005E5E80 /* Info.plist */ = {isa = PBXFileReference; lastKnownFileType = text.plist.xml; path = Info.plist; sourceTree = "<group>"; };
		53DF9CA426ADF176005E5E80 /* Main.storyboard */ = {isa = PBXFileReference; lastKnownFileType = file.storyboard; path = Main.storyboard; sourceTree = "<group>"; };
		63AF11DCCA25C742BF2BCE23 /* Pods-StructureApp.debug.xcconfig */ = {isa = PBXFileReference; includeInIndex = 1; lastKnownFileType = text.xcconfig; name = "Pods-StructureApp.debug.xcconfig"; path = "Target Support Files/Pods-StructureApp/Pods-StructureApp.debug.xcconfig"; sourceTree = "<group>"; };
		7F0882E1BA4E9BAB654EBA18 /* Pods_StructureApp.framework */ = {isa = PBXFileReference; explicitFileType = wrapper.framework; includeInIndex = 0; path = Pods_StructureApp.framework; sourceTree = BUILT_PRODUCTS_DIR; };
		C95E4E5FFFBFB489D69C8284 /* Pods-StructureApp.release.xcconfig */ = {isa = PBXFileReference; includeInIndex = 1; lastKnownFileType = text.xcconfig; name = "Pods-StructureApp.release.xcconfig"; path = "Target Support Files/Pods-StructureApp/Pods-StructureApp.release.xcconfig"; sourceTree = "<group>"; };
/* End PBXFileReference section */

/* Begin PBXFrameworksBuildPhase section */
		53DF9C8A26ADBD26005E5E80 /* Frameworks */ = {
			isa = PBXFrameworksBuildPhase;
			buildActionMask = 2147483647;
			files = (
				83D2B8EAAAB6ABE3DD867D6B /* Pods_StructureApp.framework in Frameworks */,
			);
			runOnlyForDeploymentPostprocessing = 0;
		};
/* End PBXFrameworksBuildPhase section */

/* Begin PBXGroup section */
		436A2688B3C3AA78C32790BD /* Frameworks */ = {
			isa = PBXGroup;
			children = (
				7F0882E1BA4E9BAB654EBA18 /* Pods_StructureApp.framework */,
			);
			name = Frameworks;
			sourceTree = "<group>";
		};
		4BF07BBDB1D3D126BE0AE72D /* Pods */ = {
			isa = PBXGroup;
			children = (
				63AF11DCCA25C742BF2BCE23 /* Pods-StructureApp.debug.xcconfig */,
				C95E4E5FFFBFB489D69C8284 /* Pods-StructureApp.release.xcconfig */,
			);
			path = Pods;
			sourceTree = "<group>";
		};
		53C7A94026AE7A1A006A2D28 /* Core Tabs */ = {
			isa = PBXGroup;
			children = (
				53C7A93626AE79A6006A2D28 /* HomeViewController.swift */,
				53C7A93826AE79C0006A2D28 /* ExploreViewController.swift */,
				53C7A93A26AE79D6006A2D28 /* CameraViewController.swift */,
				53C7A93C26AE79ED006A2D28 /* NotificationViewController.swift */,
				53C7A93E26AE7A05006A2D28 /* ProfileViewController.swift */,
			);
			path = "Core Tabs";
			sourceTree = "<group>";
		};
		53C7A94126AE7A32006A2D28 /* Other */ = {
			isa = PBXGroup;
			children = (
				53C7A94226AE7A45006A2D28 /* Onboarding */,
				53C7A95C26AEA2FC006A2D28 /* General */,
			);
			path = Other;
			sourceTree = "<group>";
		};
		53C7A94226AE7A45006A2D28 /* Onboarding */ = {
			isa = PBXGroup;
			children = (
				53C7A95426AE87A8006A2D28 /* SignInViewController.swift */,
				53C7A95626AE87C4006A2D28 /* SignUpViewController.swift */,
				53C7A95826AE8855006A2D28 /* OnboardingViewController.swift */,
			);
			path = Onboarding;
			sourceTree = "<group>";
		};
		53C7A95326AE7E2D006A2D28 /* Storyboards */ = {
			isa = PBXGroup;
			children = (
				53DF9C9B26ADBD2C005E5E80 /* LaunchScreen.storyboard */,
				53DF9CA426ADF176005E5E80 /* Main.storyboard */,
			);
			path = Storyboards;
			sourceTree = "<group>";
		};
		53C7A95C26AEA2FC006A2D28 /* General */ = {
			isa = PBXGroup;
			children = (
				53C7A94326AE7A79006A2D28 /* PostViewController.swift */,
				53C7A94526AE7AA2006A2D28 /* EditProfileViewController.swift */,
				53C7A94726AE7AC6006A2D28 /* SettingsViewController.swift */,
				53C7A94926AE7AEE006A2D28 /* ListViewController.swift */,
				53C7A94B26AE7B0E006A2D28 /* SearchViewController.swift */,
				53C7A94D26AE7B30006A2D28 /* SearchResultViewController.swift */,
				53C7A94F26AE7B5A006A2D28 /* PostEditorViewController.swift */,
				53C7A95126AE7B8C006A2D28 /* PublishViewController.swift */,
			);
			path = General;
			sourceTree = "<group>";
		};
		53DF9C8426ADBD25005E5E80 = {
			isa = PBXGroup;
			children = (
				53DF9C8F26ADBD26005E5E80 /* StructureApp */,
				53DF9C8E26ADBD26005E5E80 /* Products */,
				4BF07BBDB1D3D126BE0AE72D /* Pods */,
				436A2688B3C3AA78C32790BD /* Frameworks */,
			);
			sourceTree = "<group>";
		};
		53DF9C8E26ADBD26005E5E80 /* Products */ = {
			isa = PBXGroup;
			children = (
				53DF9C8D26ADBD26005E5E80 /* StructureApp.app */,
			);
			name = Products;
			sourceTree = "<group>";
		};
		53DF9C8F26ADBD26005E5E80 /* StructureApp */ = {
			isa = PBXGroup;
			children = (
				53DF9CA826ADF1E3005E5E80 /* Views */,
				53DF9CA726ADF1CF005E5E80 /* Controllers */,
				53DF9CA626ADF1B3005E5E80 /* Models */,
				53DF9CA926ADF201005E5E80 /* Resources */,
				53DF9C9E26ADBD2C005E5E80 /* Info.plist */,
				53DF9C9826ADBD2C005E5E80 /* Preview Content */,
			);
			path = StructureApp;
			sourceTree = "<group>";
		};
		53DF9C9826ADBD2C005E5E80 /* Preview Content */ = {
			isa = PBXGroup;
			children = (
				53DF9C9926ADBD2C005E5E80 /* Preview Assets.xcassets */,
			);
			path = "Preview Content";
			sourceTree = "<group>";
		};
		53DF9CA626ADF1B3005E5E80 /* Models */ = {
			isa = PBXGroup;
			children = (
			);
			path = Models;
			sourceTree = "<group>";
		};
		53DF9CA726ADF1CF005E5E80 /* Controllers */ = {
			isa = PBXGroup;
			children = (
				53DF9C9426ADBD26005E5E80 /* ContentView.swift */,
				53C7A94026AE7A1A006A2D28 /* Core Tabs */,
				53C7A94126AE7A32006A2D28 /* Other */,
			);
			path = Controllers;
			sourceTree = "<group>";
		};
		53DF9CA826ADF1E3005E5E80 /* Views */ = {
			isa = PBXGroup;
			children = (
				53C7A95326AE7E2D006A2D28 /* Storyboards */,
				53DF9C9626ADBD2C005E5E80 /* Assets.xcassets */,
			);
			path = Views;
			sourceTree = "<group>";
		};
		53DF9CA926ADF201005E5E80 /* Resources */ = {
			isa = PBXGroup;
			children = (
				53DF9C9026ADBD26005E5E80 /* AppDelegate.swift */,
				53DF9C9226ADBD26005E5E80 /* SceneDelegate.swift */,
				53C7A95A26AE9D3A006A2D28 /* GoogleService-Info.plist */,
				53C7A95D26AEA5FE006A2D28 /* DatabaseManager.swift */,
				53C7A95F26AEA7FA006A2D28 /* AuthManager.swift */,
				53C7A96126AEA8C4006A2D28 /* StorageManager.swift */,
				53C7A96326AEB35A006A2D28 /* Extentions.swift */,
			);
			path = Resources;
			sourceTree = "<group>";
		};
/* End PBXGroup section */

/* Begin PBXNativeTarget section */
		53DF9C8C26ADBD26005E5E80 /* StructureApp */ = {
			isa = PBXNativeTarget;
			buildConfigurationList = 53DF9CA126ADBD2C005E5E80 /* Build configuration list for PBXNativeTarget "StructureApp" */;
			buildPhases = (
				E5B8AFFA1053CDA531788198 /* [CP] Check Pods Manifest.lock */,
				53DF9C8926ADBD26005E5E80 /* Sources */,
				53DF9C8A26ADBD26005E5E80 /* Frameworks */,
				53DF9C8B26ADBD26005E5E80 /* Resources */,
				D82D61AF4D909BA676710F0B /* [CP] Embed Pods Frameworks */,
			);
			buildRules = (
			);
			dependencies = (
			);
			name = StructureApp;
			productName = StructureApp;
			productReference = 53DF9C8D26ADBD26005E5E80 /* StructureApp.app */;
			productType = "com.apple.product-type.application";
		};
/* End PBXNativeTarget section */

/* Begin PBXProject section */
		53DF9C8526ADBD25005E5E80 /* Project object */ = {
			isa = PBXProject;
			attributes = {
				LastSwiftUpdateCheck = 1250;
				LastUpgradeCheck = 1250;
				TargetAttributes = {
					53DF9C8C26ADBD26005E5E80 = {
						CreatedOnToolsVersion = 12.5.1;
					};
				};
			};
			buildConfigurationList = 53DF9C8826ADBD25005E5E80 /* Build configuration list for PBXProject "StructureApp" */;
			compatibilityVersion = "Xcode 9.3";
			developmentRegion = en;
			hasScannedForEncodings = 0;
			knownRegions = (
				en,
				Base,
			);
			mainGroup = 53DF9C8426ADBD25005E5E80;
			productRefGroup = 53DF9C8E26ADBD26005E5E80 /* Products */;
			projectDirPath = "";
			projectRoot = "";
			targets = (
				53DF9C8C26ADBD26005E5E80 /* StructureApp */,
			);
		};
/* End PBXProject section */

/* Begin PBXResourcesBuildPhase section */
		53DF9C8B26ADBD26005E5E80 /* Resources */ = {
			isa = PBXResourcesBuildPhase;
			buildActionMask = 2147483647;
			files = (
				53DF9C9D26ADBD2C005E5E80 /* LaunchScreen.storyboard in Resources */,
				53DF9C9A26ADBD2C005E5E80 /* Preview Assets.xcassets in Resources */,
				53C7A95B26AE9D3A006A2D28 /* GoogleService-Info.plist in Resources */,
				53DF9C9726ADBD2C005E5E80 /* Assets.xcassets in Resources */,
				53DF9CA526ADF176005E5E80 /* Main.storyboard in Resources */,
			);
			runOnlyForDeploymentPostprocessing = 0;
		};
/* End PBXResourcesBuildPhase section */

/* Begin PBXShellScriptBuildPhase section */
		D82D61AF4D909BA676710F0B /* [CP] Embed Pods Frameworks */ = {
			isa = PBXShellScriptBuildPhase;
			buildActionMask = 2147483647;
			files = (
			);
			inputFileListPaths = (
				"${PODS_ROOT}/Target Support Files/Pods-StructureApp/Pods-StructureApp-frameworks-${CONFIGURATION}-input-files.xcfilelist",
			);
			name = "[CP] Embed Pods Frameworks";
			outputFileListPaths = (
				"${PODS_ROOT}/Target Support Files/Pods-StructureApp/Pods-StructureApp-frameworks-${CONFIGURATION}-output-files.xcfilelist",
			);
			runOnlyForDeploymentPostprocessing = 0;
			shellPath = /bin/sh;
			shellScript = "\"${PODS_ROOT}/Target Support Files/Pods-StructureApp/Pods-StructureApp-frameworks.sh\"\n";
			showEnvVarsInLog = 0;
		};
		E5B8AFFA1053CDA531788198 /* [CP] Check Pods Manifest.lock */ = {
			isa = PBXShellScriptBuildPhase;
			buildActionMask = 2147483647;
			files = (
			);
			inputFileListPaths = (
			);
			inputPaths = (
				"${PODS_PODFILE_DIR_PATH}/Podfile.lock",
				"${PODS_ROOT}/Manifest.lock",
			);
			name = "[CP] Check Pods Manifest.lock";
			outputFileListPaths = (
			);
			outputPaths = (
				"$(DERIVED_FILE_DIR)/Pods-StructureApp-checkManifestLockResult.txt",
			);
			runOnlyForDeploymentPostprocessing = 0;
			shellPath = /bin/sh;
			shellScript = "diff \"${PODS_PODFILE_DIR_PATH}/Podfile.lock\" \"${PODS_ROOT}/Manifest.lock\" > /dev/null\nif [ $? != 0 ] ; then\n    # print error to STDERR\n    echo \"error: The sandbox is not in sync with the Podfile.lock. Run 'pod install' or update your CocoaPods installation.\" >&2\n    exit 1\nfi\n# This output is used by Xcode 'outputs' to avoid re-running this script phase.\necho \"SUCCESS\" > \"${SCRIPT_OUTPUT_FILE_0}\"\n";
			showEnvVarsInLog = 0;
		};
/* End PBXShellScriptBuildPhase section */

/* Begin PBXSourcesBuildPhase section */
		53DF9C8926ADBD26005E5E80 /* Sources */ = {
			isa = PBXSourcesBuildPhase;
			buildActionMask = 2147483647;
			files = (
				53C7A94426AE7A79006A2D28 /* PostViewController.swift in Sources */,
				53C7A96026AEA7FA006A2D28 /* AuthManager.swift in Sources */,
				53DF9C9126ADBD26005E5E80 /* AppDelegate.swift in Sources */,
				53C7A94A26AE7AEE006A2D28 /* ListViewController.swift in Sources */,
				53C7A94826AE7AC6006A2D28 /* SettingsViewController.swift in Sources */,
				53C7A95926AE8855006A2D28 /* OnboardingViewController.swift in Sources */,
				53DF9C9326ADBD26005E5E80 /* SceneDelegate.swift in Sources */,
				53C7A93926AE79C0006A2D28 /* ExploreViewController.swift in Sources */,
				53C7A95726AE87C4006A2D28 /* SignUpViewController.swift in Sources */,
				53C7A93D26AE79ED006A2D28 /* NotificationViewController.swift in Sources */,
				53C7A95526AE87A8006A2D28 /* SignInViewController.swift in Sources */,
				53DF9C9526ADBD26005E5E80 /* ContentView.swift in Sources */,
				53C7A94E26AE7B30006A2D28 /* SearchResultViewController.swift in Sources */,
				53C7A96226AEA8C4006A2D28 /* StorageManager.swift in Sources */,
				53C7A95E26AEA5FE006A2D28 /* DatabaseManager.swift in Sources */,
				53C7A94C26AE7B0E006A2D28 /* SearchViewController.swift in Sources */,
				53C7A93726AE79A6006A2D28 /* HomeViewController.swift in Sources */,
				53C7A95026AE7B5A006A2D28 /* PostEditorViewController.swift in Sources */,
				53C7A95226AE7B8C006A2D28 /* PublishViewController.swift in Sources */,
				53C7A93F26AE7A05006A2D28 /* ProfileViewController.swift in Sources */,
				53C7A94626AE7AA2006A2D28 /* EditProfileViewController.swift in Sources */,
				53C7A96426AEB35A006A2D28 /* Extentions.swift in Sources */,
				53C7A93B26AE79D6006A2D28 /* CameraViewController.swift in Sources */,
			);
			runOnlyForDeploymentPostprocessing = 0;
		};
/* End PBXSourcesBuildPhase section */

/* Begin PBXVariantGroup section */
		53DF9C9B26ADBD2C005E5E80 /* LaunchScreen.storyboard */ = {
			isa = PBXVariantGroup;
			children = (
				53DF9C9C26ADBD2C005E5E80 /* Base */,
			);
			name = LaunchScreen.storyboard;
			sourceTree = "<group>";
		};
/* End PBXVariantGroup section */

/* Begin XCBuildConfiguration section */
		53DF9C9F26ADBD2C005E5E80 /* Debug */ = {
			isa = XCBuildConfiguration;
			buildSettings = {
				ALWAYS_SEARCH_USER_PATHS = NO;
				CLANG_ANALYZER_NONNULL = YES;
				CLANG_ANALYZER_NUMBER_OBJECT_CONVERSION = YES_AGGRESSIVE;
				CLANG_CXX_LANGUAGE_STANDARD = "gnu++14";
				CLANG_CXX_LIBRARY = "libc++";
				CLANG_ENABLE_MODULES = YES;
				CLANG_ENABLE_OBJC_ARC = YES;
				CLANG_ENABLE_OBJC_WEAK = YES;
				CLANG_WARN_BLOCK_CAPTURE_AUTORELEASING = YES;
				CLANG_WARN_BOOL_CONVERSION = YES;
				CLANG_WARN_COMMA = YES;
				CLANG_WARN_CONSTANT_CONVERSION = YES;
				CLANG_WARN_DEPRECATED_OBJC_IMPLEMENTATIONS = YES;
				CLANG_WARN_DIRECT_OBJC_ISA_USAGE = YES_ERROR;
				CLANG_WARN_DOCUMENTATION_COMMENTS = YES;
				CLANG_WARN_EMPTY_BODY = YES;
				CLANG_WARN_ENUM_CONVERSION = YES;
				CLANG_WARN_INFINITE_RECURSION = YES;
				CLANG_WARN_INT_CONVERSION = YES;
				CLANG_WARN_NON_LITERAL_NULL_CONVERSION = YES;
				CLANG_WARN_OBJC_IMPLICIT_RETAIN_SELF = YES;
				CLANG_WARN_OBJC_LITERAL_CONVERSION = YES;
				CLANG_WARN_OBJC_ROOT_CLASS = YES_ERROR;
				CLANG_WARN_QUOTED_INCLUDE_IN_FRAMEWORK_HEADER = YES;
				CLANG_WARN_RANGE_LOOP_ANALYSIS = YES;
				CLANG_WARN_STRICT_PROTOTYPES = YES;
				CLANG_WARN_SUSPICIOUS_MOVE = YES;
				CLANG_WARN_UNGUARDED_AVAILABILITY = YES_AGGRESSIVE;
				CLANG_WARN_UNREACHABLE_CODE = YES;
				CLANG_WARN__DUPLICATE_METHOD_MATCH = YES;
				COPY_PHASE_STRIP = NO;
				DEBUG_INFORMATION_FORMAT = dwarf;
				ENABLE_STRICT_OBJC_MSGSEND = YES;
				ENABLE_TESTABILITY = YES;
				GCC_C_LANGUAGE_STANDARD = gnu11;
				GCC_DYNAMIC_NO_PIC = NO;
				GCC_NO_COMMON_BLOCKS = YES;
				GCC_OPTIMIZATION_LEVEL = 0;
				GCC_PREPROCESSOR_DEFINITIONS = (
					"DEBUG=1",
					"$(inherited)",
				);
				GCC_WARN_64_TO_32_BIT_CONVERSION = YES;
				GCC_WARN_ABOUT_RETURN_TYPE = YES_ERROR;
				GCC_WARN_UNDECLARED_SELECTOR = YES;
				GCC_WARN_UNINITIALIZED_AUTOS = YES_AGGRESSIVE;
				GCC_WARN_UNUSED_FUNCTION = YES;
				GCC_WARN_UNUSED_VARIABLE = YES;
				IPHONEOS_DEPLOYMENT_TARGET = 14.5;
				MTL_ENABLE_DEBUG_INFO = INCLUDE_SOURCE;
				MTL_FAST_MATH = YES;
				ONLY_ACTIVE_ARCH = YES;
				SDKROOT = iphoneos;
				SWIFT_ACTIVE_COMPILATION_CONDITIONS = DEBUG;
				SWIFT_OPTIMIZATION_LEVEL = "-Onone";
			};
			name = Debug;
		};
		53DF9CA026ADBD2C005E5E80 /* Release */ = {
			isa = XCBuildConfiguration;
			buildSettings = {
				ALWAYS_SEARCH_USER_PATHS = NO;
				CLANG_ANALYZER_NONNULL = YES;
				CLANG_ANALYZER_NUMBER_OBJECT_CONVERSION = YES_AGGRESSIVE;
				CLANG_CXX_LANGUAGE_STANDARD = "gnu++14";
				CLANG_CXX_LIBRARY = "libc++";
				CLANG_ENABLE_MODULES = YES;
				CLANG_ENABLE_OBJC_ARC = YES;
				CLANG_ENABLE_OBJC_WEAK = YES;
				CLANG_WARN_BLOCK_CAPTURE_AUTORELEASING = YES;
				CLANG_WARN_BOOL_CONVERSION = YES;
				CLANG_WARN_COMMA = YES;
				CLANG_WARN_CONSTANT_CONVERSION = YES;
				CLANG_WARN_DEPRECATED_OBJC_IMPLEMENTATIONS = YES;
				CLANG_WARN_DIRECT_OBJC_ISA_USAGE = YES_ERROR;
				CLANG_WARN_DOCUMENTATION_COMMENTS = YES;
				CLANG_WARN_EMPTY_BODY = YES;
				CLANG_WARN_ENUM_CONVERSION = YES;
				CLANG_WARN_INFINITE_RECURSION = YES;
				CLANG_WARN_INT_CONVERSION = YES;
				CLANG_WARN_NON_LITERAL_NULL_CONVERSION = YES;
				CLANG_WARN_OBJC_IMPLICIT_RETAIN_SELF = YES;
				CLANG_WARN_OBJC_LITERAL_CONVERSION = YES;
				CLANG_WARN_OBJC_ROOT_CLASS = YES_ERROR;
				CLANG_WARN_QUOTED_INCLUDE_IN_FRAMEWORK_HEADER = YES;
				CLANG_WARN_RANGE_LOOP_ANALYSIS = YES;
				CLANG_WARN_STRICT_PROTOTYPES = YES;
				CLANG_WARN_SUSPICIOUS_MOVE = YES;
				CLANG_WARN_UNGUARDED_AVAILABILITY = YES_AGGRESSIVE;
				CLANG_WARN_UNREACHABLE_CODE = YES;
				CLANG_WARN__DUPLICATE_METHOD_MATCH = YES;
				COPY_PHASE_STRIP = NO;
				DEBUG_INFORMATION_FORMAT = "dwarf-with-dsym";
				ENABLE_NS_ASSERTIONS = NO;
				ENABLE_STRICT_OBJC_MSGSEND = YES;
				GCC_C_LANGUAGE_STANDARD = gnu11;
				GCC_NO_COMMON_BLOCKS = YES;
				GCC_WARN_64_TO_32_BIT_CONVERSION = YES;
				GCC_WARN_ABOUT_RETURN_TYPE = YES_ERROR;
				GCC_WARN_UNDECLARED_SELECTOR = YES;
				GCC_WARN_UNINITIALIZED_AUTOS = YES_AGGRESSIVE;
				GCC_WARN_UNUSED_FUNCTION = YES;
				GCC_WARN_UNUSED_VARIABLE = YES;
				IPHONEOS_DEPLOYMENT_TARGET = 14.5;
				MTL_ENABLE_DEBUG_INFO = NO;
				MTL_FAST_MATH = YES;
				SDKROOT = iphoneos;
				SWIFT_COMPILATION_MODE = wholemodule;
				SWIFT_OPTIMIZATION_LEVEL = "-O";
				VALIDATE_PRODUCT = YES;
			};
			name = Release;
		};
		53DF9CA226ADBD2C005E5E80 /* Debug */ = {
			isa = XCBuildConfiguration;
			baseConfigurationReference = 63AF11DCCA25C742BF2BCE23 /* Pods-StructureApp.debug.xcconfig */;
			buildSettings = {
				ASSETCATALOG_COMPILER_APPICON_NAME = AppIcon;
				ASSETCATALOG_COMPILER_GLOBAL_ACCENT_COLOR_NAME = AccentColor;
				CODE_SIGN_STYLE = Automatic;
				DEVELOPMENT_ASSET_PATHS = "\"StructureApp/Preview Content\"";
				DEVELOPMENT_TEAM = 5VKN4M63HG;
				ENABLE_PREVIEWS = YES;
				INFOPLIST_FILE = StructureApp/Info.plist;
				IPHONEOS_DEPLOYMENT_TARGET = 14.5;
				LD_RUNPATH_SEARCH_PATHS = (
					"$(inherited)",
					"@executable_path/Frameworks",
				);
				PRODUCT_BUNDLE_IDENTIFIER = com.yanipel.StructureApp;
				PRODUCT_NAME = "$(TARGET_NAME)";
				SWIFT_VERSION = 5.0;
				TARGETED_DEVICE_FAMILY = "1,2";
			};
			name = Debug;
		};
		53DF9CA326ADBD2C005E5E80 /* Release */ = {
			isa = XCBuildConfiguration;
			baseConfigurationReference = C95E4E5FFFBFB489D69C8284 /* Pods-StructureApp.release.xcconfig */;
			buildSettings = {
				ASSETCATALOG_COMPILER_APPICON_NAME = AppIcon;
				ASSETCATALOG_COMPILER_GLOBAL_ACCENT_COLOR_NAME = AccentColor;
				CODE_SIGN_STYLE = Automatic;
				DEVELOPMENT_ASSET_PATHS = "\"StructureApp/Preview Content\"";
				DEVELOPMENT_TEAM = 5VKN4M63HG;
				ENABLE_PREVIEWS = YES;
				INFOPLIST_FILE = StructureApp/Info.plist;
				IPHONEOS_DEPLOYMENT_TARGET = 14.5;
				LD_RUNPATH_SEARCH_PATHS = (
					"$(inherited)",
					"@executable_path/Frameworks",
				);
				PRODUCT_BUNDLE_IDENTIFIER = com.yanipel.StructureApp;
				PRODUCT_NAME = "$(TARGET_NAME)";
				SWIFT_VERSION = 5.0;
				TARGETED_DEVICE_FAMILY = "1,2";
			};
			name = Release;
		};
/* End XCBuildConfiguration section */

/* Begin XCConfigurationList section */
		53DF9C8826ADBD25005E5E80 /* Build configuration list for PBXProject "StructureApp" */ = {
			isa = XCConfigurationList;
			buildConfigurations = (
				53DF9C9F26ADBD2C005E5E80 /* Debug */,
				53DF9CA026ADBD2C005E5E80 /* Release */,
			);
			defaultConfigurationIsVisible = 0;
			defaultConfigurationName = Release;
		};
		53DF9CA126ADBD2C005E5E80 /* Build configuration list for PBXNativeTarget "StructureApp" */ = {
			isa = XCConfigurationList;
			buildConfigurations = (
				53DF9CA226ADBD2C005E5E80 /* Debug */,
				53DF9CA326ADBD2C005E5E80 /* Release */,
			);
			defaultConfigurationIsVisible = 0;
			defaultConfigurationName = Release;
		};
/* End XCConfigurationList section */
	};
	rootObject = 53DF9C8526ADBD25005E5E80 /* Project object */;
}
